// !$*UTF8*$!
{
	archiveVersion = 1;
	classes = {
	};
	objectVersion = 50;
	objects = {

/* Begin PBXBuildFile section */
		575F4B4824FA412900F947B8 /* Authorization.swift in Sources */ = {isa = PBXBuildFile; fileRef = 575F4B4724FA412900F947B8 /* Authorization.swift */; };
		575F4B4A24FA4DF500F947B8 /* WelcomeViewController.swift in Sources */ = {isa = PBXBuildFile; fileRef = 575F4B4924FA4DF500F947B8 /* WelcomeViewController.swift */; };
		57F4F0D724F919460011A014 /* AppDelegate.swift in Sources */ = {isa = PBXBuildFile; fileRef = 57F4F0D624F919460011A014 /* AppDelegate.swift */; };
		57F4F0D924F919460011A014 /* SceneDelegate.swift in Sources */ = {isa = PBXBuildFile; fileRef = 57F4F0D824F919460011A014 /* SceneDelegate.swift */; };
		57F4F0DB24F919460011A014 /* ViewController.swift in Sources */ = {isa = PBXBuildFile; fileRef = 57F4F0DA24F919460011A014 /* ViewController.swift */; };
		57F4F0DE24F919460011A014 /* Main.storyboard in Resources */ = {isa = PBXBuildFile; fileRef = 57F4F0DC24F919460011A014 /* Main.storyboard */; };
		57F4F0E024F9194A0011A014 /* Assets.xcassets in Resources */ = {isa = PBXBuildFile; fileRef = 57F4F0DF24F9194A0011A014 /* Assets.xcassets */; };
		57F4F0E324F9194A0011A014 /* LaunchScreen.storyboard in Resources */ = {isa = PBXBuildFile; fileRef = 57F4F0E124F9194A0011A014 /* LaunchScreen.storyboard */; };
/* End PBXBuildFile section */

/* Begin PBXFileReference section */
		575F4B4724FA412900F947B8 /* Authorization.swift */ = {isa = PBXFileReference; lastKnownFileType = sourcecode.swift; path = Authorization.swift; sourceTree = "<group>"; };
		575F4B4924FA4DF500F947B8 /* WelcomeViewController.swift */ = {isa = PBXFileReference; lastKnownFileType = sourcecode.swift; path = WelcomeViewController.swift; sourceTree = "<group>"; };
		57F4F0D324F919460011A014 /* HW2.2.4.app */ = {isa = PBXFileReference; explicitFileType = wrapper.application; includeInIndex = 0; path = HW2.2.4.app; sourceTree = BUILT_PRODUCTS_DIR; };
		57F4F0D624F919460011A014 /* AppDelegate.swift */ = {isa = PBXFileReference; lastKnownFileType = sourcecode.swift; path = AppDelegate.swift; sourceTree = "<group>"; };
		57F4F0D824F919460011A014 /* SceneDelegate.swift */ = {isa = PBXFileReference; lastKnownFileType = sourcecode.swift; path = SceneDelegate.swift; sourceTree = "<group>"; };
		57F4F0DA24F919460011A014 /* ViewController.swift */ = {isa = PBXFileReference; lastKnownFileType = sourcecode.swift; path = ViewController.swift; sourceTree = "<group>"; xcLanguageSpecificationIdentifier = xcode.lang.swift; };
		57F4F0DD24F919460011A014 /* Base */ = {isa = PBXFileReference; lastKnownFileType = file.storyboard; name = Base; path = Base.lproj/Main.storyboard; sourceTree = "<group>"; };
		57F4F0DF24F9194A0011A014 /* Assets.xcassets */ = {isa = PBXFileReference; lastKnownFileType = folder.assetcatalog; path = Assets.xcassets; sourceTree = "<group>"; };
		57F4F0E224F9194A0011A014 /* Base */ = {isa = PBXFileReference; lastKnownFileType = file.storyboard; name = Base; path = Base.lproj/LaunchScreen.storyboard; sourceTree = "<group>"; };
		57F4F0E424F9194A0011A014 /* Info.plist */ = {isa = PBXFileReference; lastKnownFileType = text.plist.xml; path = Info.plist; sourceTree = "<group>"; };
/* End PBXFileReference section */

/* Begin PBXFrameworksBuildPhase section */
		57F4F0D024F919460011A014 /* Frameworks */ = {
			isa = PBXFrameworksBuildPhase;
			buildActionMask = 2147483647;
			files = (
			);
			runOnlyForDeploymentPostprocessing = 0;
		};
/* End PBXFrameworksBuildPhase section */

/* Begin PBXGroup section */
		57F4F0CA24F919460011A014 = {
			isa = PBXGroup;
			children = (
				57F4F0D524F919460011A014 /* HW2.2.4 */,
				57F4F0D424F919460011A014 /* Products */,
			);
			sourceTree = "<group>";
		};
		57F4F0D424F919460011A014 /* Products */ = {
			isa = PBXGroup;
			children = (
				57F4F0D324F919460011A014 /* HW2.2.4.app */,
			);
			name = Products;
			sourceTree = "<group>";
		};
		57F4F0D524F919460011A014 /* HW2.2.4 */ = {
			isa = PBXGroup;
			children = (
				57F4F0EB24F919FA0011A014 /* ViewControllers */,
				57F4F0EC24F91A040011A014 /* Models */,
				57F4F0ED24F91A0C0011A014 /* Storyboards */,
				57F4F0EF24F91A1C0011A014 /* Sources */,
				57F4F0EE24F91A150011A014 /* SupportingFiles */,
			);
			path = HW2.2.4;
			sourceTree = "<group>";
		};
		57F4F0EB24F919FA0011A014 /* ViewControllers */ = {
			isa = PBXGroup;
			children = (
				57F4F0DA24F919460011A014 /* ViewController.swift */,
				575F4B4924FA4DF500F947B8 /* WelcomeViewController.swift */,
			);
			path = ViewControllers;
			sourceTree = "<group>";
		};
		57F4F0EC24F91A040011A014 /* Models */ = {
			isa = PBXGroup;
			children = (
				575F4B4724FA412900F947B8 /* Authorization.swift */,
			);
			path = Models;
			sourceTree = "<group>";
		};
		57F4F0ED24F91A0C0011A014 /* Storyboards */ = {
			isa = PBXGroup;
			children = (
				57F4F0DC24F919460011A014 /* Main.storyboard */,
				57F4F0E124F9194A0011A014 /* LaunchScreen.storyboard */,
			);
			path = Storyboards;
			sourceTree = "<group>";
		};
		57F4F0EE24F91A150011A014 /* SupportingFiles */ = {
			isa = PBXGroup;
			children = (
				57F4F0D624F919460011A014 /* AppDelegate.swift */,
				57F4F0D824F919460011A014 /* SceneDelegate.swift */,
				57F4F0E424F9194A0011A014 /* Info.plist */,
			);
			path = SupportingFiles;
			sourceTree = "<group>";
		};
		57F4F0EF24F91A1C0011A014 /* Sources */ = {
			isa = PBXGroup;
			children = (
				57F4F0DF24F9194A0011A014 /* Assets.xcassets */,
			);
			path = Sources;
			sourceTree = "<group>";
		};
/* End PBXGroup section */

/* Begin PBXNativeTarget section */
		57F4F0D224F919460011A014 /* HW2.2.4 */ = {
			isa = PBXNativeTarget;
			buildConfigurationList = 57F4F0E724F9194A0011A014 /* Build configuration list for PBXNativeTarget "HW2.2.4" */;
			buildPhases = (
				57F4F0CF24F919460011A014 /* Sources */,
				57F4F0D024F919460011A014 /* Frameworks */,
				57F4F0D124F919460011A014 /* Resources */,
			);
			buildRules = (
			);
			dependencies = (
			);
			name = HW2.2.4;
			productName = HW2.2.4;
			productReference = 57F4F0D324F919460011A014 /* HW2.2.4.app */;
			productType = "com.apple.product-type.application";
		};
/* End PBXNativeTarget section */

/* Begin PBXProject section */
		57F4F0CB24F919460011A014 /* Project object */ = {
			isa = PBXProject;
			attributes = {
				LastSwiftUpdateCheck = 1160;
				LastUpgradeCheck = 1160;
				ORGANIZATIONNAME = "Aquesta's";
				TargetAttributes = {
					57F4F0D224F919460011A014 = {
						CreatedOnToolsVersion = 11.6;
					};
				};
			};
			buildConfigurationList = 57F4F0CE24F919460011A014 /* Build configuration list for PBXProject "HW2.2.4" */;
			compatibilityVersion = "Xcode 9.3";
			developmentRegion = en;
			hasScannedForEncodings = 0;
			knownRegions = (
				en,
				Base,
			);
			mainGroup = 57F4F0CA24F919460011A014;
			productRefGroup = 57F4F0D424F919460011A014 /* Products */;
			projectDirPath = "";
			projectRoot = "";
			targets = (
				57F4F0D224F919460011A014 /* HW2.2.4 */,
			);
		};
/* End PBXProject section */

/* Begin PBXResourcesBuildPhase section */
		57F4F0D124F919460011A014 /* Resources */ = {
			isa = PBXResourcesBuildPhase;
			buildActionMask = 2147483647;
			files = (
				57F4F0E324F9194A0011A014 /* LaunchScreen.storyboard in Resources */,
				57F4F0E024F9194A0011A014 /* Assets.xcassets in Resources */,
				57F4F0DE24F919460011A014 /* Main.storyboard in Resources */,
			);
			runOnlyForDeploymentPostprocessing = 0;
		};
/* End PBXResourcesBuildPhase section */

/* Begin PBXSourcesBuildPhase section */
		57F4F0CF24F919460011A014 /* Sources */ = {
			isa = PBXSourcesBuildPhase;
			buildActionMask = 2147483647;
			files = (
				57F4F0DB24F919460011A014 /* ViewController.swift in Sources */,
				575F4B4A24FA4DF500F947B8 /* WelcomeViewController.swift in Sources */,
				57F4F0D724F919460011A014 /* AppDelegate.swift in Sources */,
				57F4F0D924F919460011A014 /* SceneDelegate.swift in Sources */,
				575F4B4824FA412900F947B8 /* Authorization.swift in Sources */,
			);
			runOnlyForDeploymentPostprocessing = 0;
		};
/* End PBXSourcesBuildPhase section */

/* Begin PBXVariantGroup section */
		57F4F0DC24F919460011A014 /* Main.storyboard */ = {
			isa = PBXVariantGroup;
			children = (
				57F4F0DD24F919460011A014 /* Base */,
			);
			name = Main.storyboard;
			sourceTree = "<group>";
		};
		57F4F0E124F9194A0011A014 /* LaunchScreen.storyboard */ = {
			isa = PBXVariantGroup;
			children = (
				57F4F0E224F9194A0011A014 /* Base */,
			);
			name = LaunchScreen.storyboard;
			sourceTree = "<group>";
		};
/* End PBXVariantGroup section */

/* Begin XCBuildConfiguration section */
		57F4F0E524F9194A0011A014 /* Debug */ = {
			isa = XCBuildConfiguration;
			buildSettings = {
				ALWAYS_SEARCH_USER_PATHS = NO;
				CLANG_ANALYZER_NONNULL = YES;
				CLANG_ANALYZER_NUMBER_OBJECT_CONVERSION = YES_AGGRESSIVE;
				CLANG_CXX_LANGUAGE_STANDARD = "gnu++14";
				CLANG_CXX_LIBRARY = "libc++";
				CLANG_ENABLE_MODULES = YES;
				CLANG_ENABLE_OBJC_ARC = YES;
				CLANG_ENABLE_OBJC_WEAK = YES;
				CLANG_WARN_BLOCK_CAPTURE_AUTORELEASING = YES;
				CLANG_WARN_BOOL_CONVERSION = YES;
				CLANG_WARN_COMMA = YES;
				CLANG_WARN_CONSTANT_CONVERSION = YES;
				CLANG_WARN_DEPRECATED_OBJC_IMPLEMENTATIONS = YES;
				CLANG_WARN_DIRECT_OBJC_ISA_USAGE = YES_ERROR;
				CLANG_WARN_DOCUMENTATION_COMMENTS = YES;
				CLANG_WARN_EMPTY_BODY = YES;
				CLANG_WARN_ENUM_CONVERSION = YES;
				CLANG_WARN_INFINITE_RECURSION = YES;
				CLANG_WARN_INT_CONVERSION = YES;
				CLANG_WARN_NON_LITERAL_NULL_CONVERSION = YES;
				CLANG_WARN_OBJC_IMPLICIT_RETAIN_SELF = YES;
				CLANG_WARN_OBJC_LITERAL_CONVERSION = YES;
				CLANG_WARN_OBJC_ROOT_CLASS = YES_ERROR;
				CLANG_WARN_RANGE_LOOP_ANALYSIS = YES;
				CLANG_WARN_STRICT_PROTOTYPES = YES;
				CLANG_WARN_SUSPICIOUS_MOVE = YES;
				CLANG_WARN_UNGUARDED_AVAILABILITY = YES_AGGRESSIVE;
				CLANG_WARN_UNREACHABLE_CODE = YES;
				CLANG_WARN__DUPLICATE_METHOD_MATCH = YES;
				COPY_PHASE_STRIP = NO;
				DEBUG_INFORMATION_FORMAT = dwarf;
				ENABLE_STRICT_OBJC_MSGSEND = YES;
				ENABLE_TESTABILITY = YES;
				GCC_C_LANGUAGE_STANDARD = gnu11;
				GCC_DYNAMIC_NO_PIC = NO;
				GCC_NO_COMMON_BLOCKS = YES;
				GCC_OPTIMIZATION_LEVEL = 0;
				GCC_PREPROCESSOR_DEFINITIONS = (
					"DEBUG=1",
					"$(inherited)",
				);
				GCC_WARN_64_TO_32_BIT_CONVERSION = YES;
				GCC_WARN_ABOUT_RETURN_TYPE = YES_ERROR;
				GCC_WARN_UNDECLARED_SELECTOR = YES;
				GCC_WARN_UNINITIALIZED_AUTOS = YES_AGGRESSIVE;
				GCC_WARN_UNUSED_FUNCTION = YES;
				GCC_WARN_UNUSED_VARIABLE = YES;
				IPHONEOS_DEPLOYMENT_TARGET = 13.6;
				MTL_ENABLE_DEBUG_INFO = INCLUDE_SOURCE;
				MTL_FAST_MATH = YES;
				ONLY_ACTIVE_ARCH = YES;
				SDKROOT = iphoneos;
				SWIFT_ACTIVE_COMPILATION_CONDITIONS = DEBUG;
				SWIFT_OPTIMIZATION_LEVEL = "-Onone";
			};
			name = Debug;
		};
		57F4F0E624F9194A0011A014 /* Release */ = {
			isa = XCBuildConfiguration;
			buildSettings = {
				ALWAYS_SEARCH_USER_PATHS = NO;
				CLANG_ANALYZER_NONNULL = YES;
				CLANG_ANALYZER_NUMBER_OBJECT_CONVERSION = YES_AGGRESSIVE;
				CLANG_CXX_LANGUAGE_STANDARD = "gnu++14";
				CLANG_CXX_LIBRARY = "libc++";
				CLANG_ENABLE_MODULES = YES;
				CLANG_ENABLE_OBJC_ARC = YES;
				CLANG_ENABLE_OBJC_WEAK = YES;
				CLANG_WARN_BLOCK_CAPTURE_AUTORELEASING = YES;
				CLANG_WARN_BOOL_CONVERSION = YES;
				CLANG_WARN_COMMA = YES;
				CLANG_WARN_CONSTANT_CONVERSION = YES;
				CLANG_WARN_DEPRECATED_OBJC_IMPLEMENTATIONS = YES;
				CLANG_WARN_DIRECT_OBJC_ISA_USAGE = YES_ERROR;
				CLANG_WARN_DOCUMENTATION_COMMENTS = YES;
				CLANG_WARN_EMPTY_BODY = YES;
				CLANG_WARN_ENUM_CONVERSION = YES;
				CLANG_WARN_INFINITE_RECURSION = YES;
				CLANG_WARN_INT_CONVERSION = YES;
				CLANG_WARN_NON_LITERAL_NULL_CONVERSION = YES;
				CLANG_WARN_OBJC_IMPLICIT_RETAIN_SELF = YES;
				CLANG_WARN_OBJC_LITERAL_CONVERSION = YES;
				CLANG_WARN_OBJC_ROOT_CLASS = YES_ERROR;
				CLANG_WARN_RANGE_LOOP_ANALYSIS = YES;
				CLANG_WARN_STRICT_PROTOTYPES = YES;
				CLANG_WARN_SUSPICIOUS_MOVE = YES;
				CLANG_WARN_UNGUARDED_AVAILABILITY = YES_AGGRESSIVE;
				CLANG_WARN_UNREACHABLE_CODE = YES;
				CLANG_WARN__DUPLICATE_METHOD_MATCH = YES;
				COPY_PHASE_STRIP = NO;
				DEBUG_INFORMATION_FORMAT = "dwarf-with-dsym";
				ENABLE_NS_ASSERTIONS = NO;
				ENABLE_STRICT_OBJC_MSGSEND = YES;
				GCC_C_LANGUAGE_STANDARD = gnu11;
				GCC_NO_COMMON_BLOCKS = YES;
				GCC_WARN_64_TO_32_BIT_CONVERSION = YES;
				GCC_WARN_ABOUT_RETURN_TYPE = YES_ERROR;
				GCC_WARN_UNDECLARED_SELECTOR = YES;
				GCC_WARN_UNINITIALIZED_AUTOS = YES_AGGRESSIVE;
				GCC_WARN_UNUSED_FUNCTION = YES;
				GCC_WARN_UNUSED_VARIABLE = YES;
				IPHONEOS_DEPLOYMENT_TARGET = 13.6;
				MTL_ENABLE_DEBUG_INFO = NO;
				MTL_FAST_MATH = YES;
				SDKROOT = iphoneos;
				SWIFT_COMPILATION_MODE = wholemodule;
				SWIFT_OPTIMIZATION_LEVEL = "-O";
				VALIDATE_PRODUCT = YES;
			};
			name = Release;
		};
		57F4F0E824F9194A0011A014 /* Debug */ = {
			isa = XCBuildConfiguration;
			buildSettings = {
				ASSETCATALOG_COMPILER_APPICON_NAME = AppIcon;
				CODE_SIGN_STYLE = Automatic;
				DEVELOPMENT_TEAM = A5V636B7HL;
				INFOPLIST_FILE = HW2.2.4/SupportingFiles/Info.plist;
				IPHONEOS_DEPLOYMENT_TARGET = 13.0;
				LD_RUNPATH_SEARCH_PATHS = (
					"$(inherited)",
					"@executable_path/Frameworks",
				);
				PRODUCT_BUNDLE_IDENTIFIER = "SKD.HW2-2-4";
				PRODUCT_NAME = "$(TARGET_NAME)";
				SWIFT_VERSION = 5.0;
				TARGETED_DEVICE_FAMILY = 1;
			};
			name = Debug;
		};
		57F4F0E924F9194A0011A014 /* Release */ = {
			isa = XCBuildConfiguration;
			buildSettings = {
				ASSETCATALOG_COMPILER_APPICON_NAME = AppIcon;
				CODE_SIGN_STYLE = Automatic;
				DEVELOPMENT_TEAM = A5V636B7HL;
				INFOPLIST_FILE = HW2.2.4/SupportingFiles/Info.plist;
				IPHONEOS_DEPLOYMENT_TARGET = 13.0;
				LD_RUNPATH_SEARCH_PATHS = (
					"$(inherited)",
					"@executable_path/Frameworks",
				);
				PRODUCT_BUNDLE_IDENTIFIER = "SKD.HW2-2-4";
				PRODUCT_NAME = "$(TARGET_NAME)";
				SWIFT_VERSION = 5.0;
				TARGETED_DEVICE_FAMILY = 1;
			};
			name = Release;
		};
/* End XCBuildConfiguration section */

/* Begin XCConfigurationList section */
		57F4F0CE24F919460011A014 /* Build configuration list for PBXProject "HW2.2.4" */ = {
			isa = XCConfigurationList;
			buildConfigurations = (
				57F4F0E524F9194A0011A014 /* Debug */,
				57F4F0E624F9194A0011A014 /* Release */,
			);
			defaultConfigurationIsVisible = 0;
			defaultConfigurationName = Release;
		};
		57F4F0E724F9194A0011A014 /* Build configuration list for PBXNativeTarget "HW2.2.4" */ = {
			isa = XCConfigurationList;
			buildConfigurations = (
				57F4F0E824F9194A0011A014 /* Debug */,
				57F4F0E924F9194A0011A014 /* Release */,
			);
			defaultConfigurationIsVisible = 0;
			defaultConfigurationName = Release;
		};
/* End XCConfigurationList section */
	};
	rootObject = 57F4F0CB24F919460011A014 /* Project object */;
}
